<?xml version="1.0" encoding="utf-8"?>
<Project ToolsVersion="4.0" xmlns="http://schemas.microsoft.com/developer/msbuild/2003">
  <ItemGroup>
    <Filter Include="Source Files">
      <UniqueIdentifier>{4FC737F1-C7A5-4376-A066-2A32D752A2FF}</UniqueIdentifier>
      <Extensions>cpp;c;cc;cxx;c++;cppm;ixx;def;odl;idl;hpj;bat;asm;asmx</Extensions>
    </Filter>
    <Filter Include="Header Files">
      <UniqueIdentifier>{93995380-89BD-4b04-88EB-625FBE52EBFB}</UniqueIdentifier>
      <Extensions>h;hh;hpp;hxx;h++;hm;inl;inc;ipp;xsd</Extensions>
    </Filter>
    <Filter Include="Resource Files">
      <UniqueIdentifier>{67DA6AB6-F800-4c08-8B7A-83BB121AAD01}</UniqueIdentifier>
      <Extensions>rc;ico;cur;bmp;dlg;rc2;rct;bin;rgs;gif;jpg;jpeg;jpe;resx;tiff;tif;png;wav;mfcribbon-ms</Extensions>
    </Filter>
    <Filter Include="Other">
      <UniqueIdentifier>{ca1450f5-8b5e-4405-a9be-1ce75c07154b}</UniqueIdentifier>
    </Filter>
    <Filter Include="Other\Natvis">
      <UniqueIdentifier>{09e6bcaf-5191-4594-9c9e-b41766e46650}</UniqueIdentifier>
    </Filter>
    <Filter Include="Other\ImGui">
      <UniqueIdentifier>{5b4014ee-0777-42c9-8053-cdbe4b0193f0}</UniqueIdentifier>
    </Filter>
  </ItemGroup>
  <ItemGroup>
    <ClCompile Include="Code\VulkanPlaygroundProject.cpp">
      <Filter>Source Files</Filter>
    </ClCompile>
    <ClCompile Include="Code\Engine\Window.cpp">
      <Filter>Source Files</Filter>
    </ClCompile>
    <ClCompile Include="Code\Application.cpp">
      <Filter>Source Files</Filter>
    </ClCompile>
    <ClCompile Include="Code\Engine\VulkanManager.cpp">
      <Filter>Source Files</Filter>
    </ClCompile>
    <ClCompile Include="Code\Engine\RenderPass.cpp">
      <Filter>Source Files</Filter>
    </ClCompile>
    <ClCompile Include="Code\Engine\Framebuffer.cpp">
      <Filter>Source Files</Filter>
    </ClCompile>
    <ClCompile Include="..\..\Libraries\imgui\imgui_draw.cpp">
      <Filter>Other\ImGui</Filter>
    </ClCompile>
    <ClCompile Include="..\..\Libraries\imgui\imgui_tables.cpp">
      <Filter>Other\ImGui</Filter>
    </ClCompile>
    <ClCompile Include="..\..\Libraries\imgui\imgui_widgets.cpp">
      <Filter>Other\ImGui</Filter>
    </ClCompile>
    <ClCompile Include="..\..\Libraries\imgui\imgui.cpp">
      <Filter>Other\ImGui</Filter>
    </ClCompile>
    <ClCompile Include="..\..\Libraries\imgui\imgui_demo.cpp">
      <Filter>Other\ImGui</Filter>
    </ClCompile>
    <ClCompile Include="..\..\Libraries\imgui\backends\imgui_impl_vulkan.cpp">
      <Filter>Other\ImGui</Filter>
    </ClCompile>
    <ClCompile Include="..\..\Libraries\imgui\backends\imgui_impl_glfw.cpp">
      <Filter>Other\ImGui</Filter>
    </ClCompile>
    <ClCompile Include="Code\Engine\Pipeline.cpp">
      <Filter>Source Files</Filter>
    </ClCompile>
    <ClCompile Include="Code\Engine\Model.cpp">
      <Filter>Source Files</Filter>
    </ClCompile>
    <ClCompile Include="Code\Engine\Vertex.cpp">
      <Filter>Source Files</Filter>
    </ClCompile>
    <ClCompile Include="Code\Engine\Buffer.cpp">
      <Filter>Source Files</Filter>
    </ClCompile>
    <ClCompile Include="Code\stdafx.cpp">
      <Filter>Source Files</Filter>
    </ClCompile>
    <ClCompile Include="Code\Engine\RenderTarget.cpp">
      <Filter>Source Files</Filter>
    </ClCompile>
    <ClCompile Include="Code\Engine\Image.cpp">
      <Filter>Source Files</Filter>
    </ClCompile>
    <ClCompile Include="Code\Engine\FlyCamera.cpp">
      <Filter>Source Files</Filter>
    </ClCompile>
    <ClCompile Include="Code\Engine\InputHandler.cpp">
      <Filter>Source Files</Filter>
    </ClCompile>
    <ClCompile Include="Code\Engine\Transform.cpp">
      <Filter>Source Files</Filter>
    </ClCompile>
    <ClCompile Include="Code\Engine\Camera.cpp">
      <Filter>Source Files</Filter>
    </ClCompile>
    <ClCompile Include="Code\Engine\Shadow.cpp">
      <Filter>Source Files</Filter>
    </ClCompile>
    <ClCompile Include="Code\Engine\Terrain.cpp">
      <Filter>Source Files</Filter>
    </ClCompile>
    <ClCompile Include="Code\Engine\FileIO.cpp">
      <Filter>Source Files</Filter>
    </ClCompile>
    <ClCompile Include="Code\Engine\RenderManager.cpp">
      <Filter>Source Files</Filter>
    </ClCompile>
  </ItemGroup>
  <ItemGroup>
    <Natvis Include="..\..\Libraries\glm\util\glm.natvis">
      <Filter>Other\Natvis</Filter>
    </Natvis>
    <Natvis Include="..\..\Libraries\imgui\misc\debuggers\imgui.natvis">
      <Filter>Other\Natvis</Filter>
    </Natvis>
    <Natvis Include="..\..\Libraries\VulkanMemoryAllocator\src\vk_mem_alloc.natvis">
      <Filter>Other\Natvis</Filter>
    </Natvis>
  </ItemGroup>
  <ItemGroup>
    <ClInclude Include="Code\Engine\Window.h">
      <Filter>Header Files</Filter>
    </ClInclude>
    <ClInclude Include="Code\Application.h">
      <Filter>Header Files</Filter>
    </ClInclude>
    <ClInclude Include="Code\stdafx.h">
      <Filter>Header Files</Filter>
    </ClInclude>
    <ClInclude Include="Code\Engine\VulkanManager.h">
      <Filter>Header Files</Filter>
    </ClInclude>
    <ClInclude Include="Code\Engine\RenderPass.h">
      <Filter>Header Files</Filter>
    </ClInclude>
    <ClInclude Include="Code\Engine\Framebuffer.h">
      <Filter>Header Files</Filter>
    </ClInclude>
    <ClInclude Include="Code\Engine\Pipeline.h">
      <Filter>Header Files</Filter>
    </ClInclude>
    <ClInclude Include="Code\Engine\Model.h">
      <Filter>Header Files</Filter>
    </ClInclude>
    <ClInclude Include="Code\Engine\Vertex.h">
      <Filter>Header Files</Filter>
    </ClInclude>
    <ClInclude Include="Code\Engine\RenderTarget.h">
      <Filter>Header Files</Filter>
    </ClInclude>
    <ClInclude Include="Code\Engine\Image.h">
      <Filter>Header Files</Filter>
    </ClInclude>
    <ClInclude Include="Code\Engine\Transform.h">
      <Filter>Header Files</Filter>
    </ClInclude>
    <ClInclude Include="Code\Engine\Camera.h">
      <Filter>Header Files</Filter>
    </ClInclude>
    <ClInclude Include="Code\Engine\FlyCamera.h">
      <Filter>Header Files</Filter>
    </ClInclude>
    <ClInclude Include="Code\Engine\InputHandler.h">
      <Filter>Header Files</Filter>
    </ClInclude>
    <ClInclude Include="Code\Engine\InputKeys.h">
      <Filter>Header Files</Filter>
    </ClInclude>
    <ClInclude Include="Code\Engine\Buffer.h">
      <Filter>Header Files</Filter>
    </ClInclude>
    <ClInclude Include="Code\Engine\Profiler.h">
      <Filter>Header Files</Filter>
    </ClInclude>
    <ClInclude Include="Code\Engine\Shadow.h">
      <Filter>Header Files</Filter>
    </ClInclude>
    <ClInclude Include="Code\Engine\Terrain.h">
      <Filter>Header Files</Filter>
    </ClInclude>
    <ClInclude Include="Code\Engine\FileIO.h">
      <Filter>Header Files</Filter>
    </ClInclude>
    <ClInclude Include="Code\Engine\RenderManager.h">
      <Filter>Header Files</Filter>
    </ClInclude>
  </ItemGroup>
</Project>